
Microsoft Visual Studio Solution File, Format Version 12.00
# Visual Studio 15
VisualStudioVersion = 15.0.28010.2016
MinimumVisualStudioVersion = 10.0.40219.1
Project("{FAE04EC0-301F-11D3-BF4B-00C04F79EFBC}") = "ApiForVOP", "ApiForVOP\ApiForVOP.csproj", "{87916B9B-7368-44F9-A11C-F50F4B44DC45}"
EndProject
Project("{FAE04EC0-301F-11D3-BF4B-00C04F79EFBC}") = "ApiForRackManage", "ApiForRackManage\ApiForRackManage.csproj", "{8DA3B85C-431C-4DD4-98B5-933A3EB9F0C6}"
EndProject
Project("{FAE04EC0-301F-11D3-BF4B-00C04F79EFBC}") = "ApiForMinioneMiscShipping", "ApiForMinioneMiscShipping\ApiForMinioneMiscShipping.csproj", "{98447992-B783-4104-BA8D-BB483793960F}"
EndProject
Project("{FAE04EC0-301F-11D3-BF4B-00C04F79EFBC}") = "CheckSlot", "CheckSlot\CheckSlot.csproj", "{3F09D623-70C2-451F-9A38-D013543AE55A}"
EndProject
Project("{FAE04EC0-301F-11D3-BF4B-00C04F79EFBC}") = "ApiForMaterialKitting", "ApiForMaterialKitting\ApiForMaterialKitting.csproj", "{94F8CEBB-DDB2-4850-9B40-8B04E8B3C8FB}"
EndProject
Project("{FAE04EC0-301F-11D3-BF4B-00C04F79EFBC}") = "ApiForCOQ", "ApiForCOQ\ApiForCOQ.csproj", "{F3599648-5647-4E2E-BC0D-8C819DADF1B9}"
EndProject
Project("{FAE04EC0-301F-11D3-BF4B-00C04F79EFBC}") = "ApiForFOL", "ApiForFOL\ApiForFOL.csproj", "{3B226132-C916-4CFD-9306-4647F7E74179}"
EndProject
Project("{FAE04EC0-301F-11D3-BF4B-00C04F79EFBC}") = "ApiForMinione", "ApiForMinione\ApiForMinione.csproj", "{9B5B3DEE-88B5-438A-903B-EB426C8B4DF6}"
EndProject
Project("{FAE04EC0-301F-11D3-BF4B-00C04F79EFBC}") = "ApiForFAI", "ApiForFAI\ApiForFAI.csproj", "{AD5CAF9B-938D-44F1-ADC2-6F1E9E1A7115}"
EndProject
Project("{FAE04EC0-301F-11D3-BF4B-00C04F79EFBC}") = "ApiForCommonTools", "ApiForCommonTools\ApiForCommonTools.csproj", "{9822D858-8187-4390-9304-C8ACBF1027F7}"
EndProject
Global
	GlobalSection(SolutionConfigurationPlatforms) = preSolution
		Debug|Any CPU = Debug|Any CPU
		Release|Any CPU = Release|Any CPU
	EndGlobalSection
	GlobalSection(ProjectConfigurationPlatforms) = postSolution
		{87916B9B-7368-44F9-A11C-F50F4B44DC45}.Debug|Any CPU.ActiveCfg = Debug|Any CPU
		{87916B9B-7368-44F9-A11C-F50F4B44DC45}.Debug|Any CPU.Build.0 = Debug|Any CPU
		{87916B9B-7368-44F9-A11C-F50F4B44DC45}.Release|Any CPU.ActiveCfg = Release|Any CPU
		{87916B9B-7368-44F9-A11C-F50F4B44DC45}.Release|Any CPU.Build.0 = Release|Any CPU
		{8DA3B85C-431C-4DD4-98B5-933A3EB9F0C6}.Debug|Any CPU.ActiveCfg = Debug|Any CPU
		{8DA3B85C-431C-4DD4-98B5-933A3EB9F0C6}.Debug|Any CPU.Build.0 = Debug|Any CPU
		{8DA3B85C-431C-4DD4-98B5-933A3EB9F0C6}.Release|Any CPU.ActiveCfg = Release|Any CPU
		{8DA3B85C-431C-4DD4-98B5-933A3EB9F0C6}.Release|Any CPU.Build.0 = Release|Any CPU
		{98447992-B783-4104-BA8D-BB483793960F}.Debug|Any CPU.ActiveCfg = Debug|Any CPU
		{98447992-B783-4104-BA8D-BB483793960F}.Debug|Any CPU.Build.0 = Debug|Any CPU
		{98447992-B783-4104-BA8D-BB483793960F}.Release|Any CPU.ActiveCfg = Release|Any CPU
		{98447992-B783-4104-BA8D-BB483793960F}.Release|Any CPU.Build.0 = Release|Any CPU
		{3F09D623-70C2-451F-9A38-D013543AE55A}.Debug|Any CPU.ActiveCfg = Debug|Any CPU
		{3F09D623-70C2-451F-9A38-D013543AE55A}.Debug|Any CPU.Build.0 = Debug|Any CPU
		{3F09D623-70C2-451F-9A38-D013543AE55A}.Release|Any CPU.ActiveCfg = Release|Any CPU
		{3F09D623-70C2-451F-9A38-D013543AE55A}.Release|Any CPU.Build.0 = Release|Any CPU
		{94F8CEBB-DDB2-4850-9B40-8B04E8B3C8FB}.Debug|Any CPU.ActiveCfg = Debug|Any CPU
		{94F8CEBB-DDB2-4850-9B40-8B04E8B3C8FB}.Debug|Any CPU.Build.0 = Debug|Any CPU
		{94F8CEBB-DDB2-4850-9B40-8B04E8B3C8FB}.Release|Any CPU.ActiveCfg = Release|Any CPU
		{94F8CEBB-DDB2-4850-9B40-8B04E8B3C8FB}.Release|Any CPU.Build.0 = Release|Any CPU
		{F3599648-5647-4E2E-BC0D-8C819DADF1B9}.Debug|Any CPU.ActiveCfg = Debug|Any CPU
		{F3599648-5647-4E2E-BC0D-8C819DADF1B9}.Debug|Any CPU.Build.0 = Debug|Any CPU
		{F3599648-5647-4E2E-BC0D-8C819DADF1B9}.Release|Any CPU.ActiveCfg = Release|Any CPU
		{F3599648-5647-4E2E-BC0D-8C819DADF1B9}.Release|Any CPU.Build.0 = Release|Any CPU
		{3B226132-C916-4CFD-9306-4647F7E74179}.Debug|Any CPU.ActiveCfg = Debug|Any CPU
		{3B226132-C916-4CFD-9306-4647F7E74179}.Debug|Any CPU.Build.0 = Debug|Any CPU
		{3B226132-C916-4CFD-9306-4647F7E74179}.Release|Any CPU.ActiveCfg = Release|Any CPU
		{3B226132-C916-4CFD-9306-4647F7E74179}.Release|Any CPU.Build.0 = Release|Any CPU
		{9B5B3DEE-88B5-438A-903B-EB426C8B4DF6}.Debug|Any CPU.ActiveCfg = Debug|Any CPU
		{9B5B3DEE-88B5-438A-903B-EB426C8B4DF6}.Debug|Any CPU.Build.0 = Debug|Any CPU
		{9B5B3DEE-88B5-438A-903B-EB426C8B4DF6}.Release|Any CPU.ActiveCfg = Release|Any CPU
		{9B5B3DEE-88B5-438A-903B-EB426C8B4DF6}.Release|Any CPU.Build.0 = Release|Any CPU
		{AD5CAF9B-938D-44F1-ADC2-6F1E9E1A7115}.Debug|Any CPU.ActiveCfg = Debug|Any CPU
		{AD5CAF9B-938D-44F1-ADC2-6F1E9E1A7115}.Debug|Any CPU.Build.0 = Debug|Any CPU
		{AD5CAF9B-938D-44F1-ADC2-6F1E9E1A7115}.Release|Any CPU.ActiveCfg = Release|Any CPU
		{AD5CAF9B-938D-44F1-ADC2-6F1E9E1A7115}.Release|Any CPU.Build.0 = Release|Any CPU
		{9822D858-8187-4390-9304-C8ACBF1027F7}.Debug|Any CPU.ActiveCfg = Debug|Any CPU
		{9822D858-8187-4390-9304-C8ACBF1027F7}.Debug|Any CPU.Build.0 = Debug|Any CPU
		{9822D858-8187-4390-9304-C8ACBF1027F7}.Release|Any CPU.ActiveCfg = Release|Any CPU
		{9822D858-8187-4390-9304-C8ACBF1027F7}.Release|Any CPU.Build.0 = Release|Any CPU
	EndGlobalSection
	GlobalSection(SolutionProperties) = preSolution
		HideSolutionNode = FALSE
	EndGlobalSection
	GlobalSection(ExtensibilityGlobals) = postSolution
		SolutionGuid = {28DFD871-E90C-4749-A520-2134AC0FC631}
	EndGlobalSection
EndGlobal
